
Microsoft Visual Studio Solution File, Format Version 12.00
# Visual Studio 14
VisualStudioVersion = 14.0.24720.0
MinimumVisualStudioVersion = 10.0.40219.1
Project("{FAE04EC0-301F-11D3-BF4B-00C04F79EFBC}") = "O15", "O15\O15.csproj", "{E27B409B-707C-4161-9B4F-2743FA1DA42D}"
EndProject
Project("{FAE04EC0-301F-11D3-BF4B-00C04F79EFBC}") = "SfbDesktopClient.UnitTests", "SfbDesktopClient.UnitTests\SfbDesktopClient.UnitTests.csproj", "{AD726BBD-C032-4B51-92FB-1284B7463D9D}"
EndProject
Project("{FAE04EC0-301F-11D3-BF4B-00C04F79EFBC}") = "O16", "O16\O16.csproj", "{293E1694-C4BB-4556-BFB0-5BAE3873DA9F}"
EndProject
Project("{FAE04EC0-301F-11D3-BF4B-00C04F79EFBC}") = "Sfb.Core", "Sfb.Core\Sfb.Core.csproj", "{49F71403-E08A-43FE-BE0A-EA295882A057}"
EndProject
Project("{2150E333-8FDC-42A3-9474-1A3956D46DE8}") = "1.Core", "1.Core", "{1CAD0DAD-E082-44B1-A553-D9A68EA05E99}"
EndProject
Project("{2150E333-8FDC-42A3-9474-1A3956D46DE8}") = "2.Products", "2.Products", "{31827D93-1043-42F4-99D1-BBE887B6A41A}"
EndProject
Project("{2150E333-8FDC-42A3-9474-1A3956D46DE8}") = "4.Tests", "4.Tests", "{0811995C-5AAF-40BD-B071-FA7C83824735}"
EndProject
Project("{2150E333-8FDC-42A3-9474-1A3956D46DE8}") = "3.UI", "3.UI", "{2779F0DB-0E26-489C-B806-36B0699A3DBA}"
EndProject
Project("{FAE04EC0-301F-11D3-BF4B-00C04F79EFBC}") = "Sfb.UI.Wpf", "Sfb.UI.Wpf\Sfb.UI.Wpf.csproj", "{CD564273-EC8F-45FA-B635-0A5979C210FC}"
EndProject
Project("{FAE04EC0-301F-11D3-BF4B-00C04F79EFBC}") = "Sfb.Installer.Core", "Sfb.Installer.Core\Sfb.Installer.Core.csproj", "{E92BEFFD-294E-4ED2-9341-63B2C24A844D}"
EndProject
Project("{FAE04EC0-301F-11D3-BF4B-00C04F79EFBC}") = "Sfb.Installer.UnitTests", "Sfb.Installer.UnitTests\Sfb.Installer.UnitTests.csproj", "{B2624366-E26B-4696-BD1F-634BFD224657}"
EndProject
Project("{FAE04EC0-301F-11D3-BF4B-00C04F79EFBC}") = "Sfb.LanguageInstaller.Wpf", "Sfb.LanguageInstaller.Wpf\Sfb.LanguageInstaller.Wpf.csproj", "{13822058-F2F9-4942-8D8D-E0FA703A7283}"
EndProject
Project("{FAE04EC0-301F-11D3-BF4B-00C04F79EFBC}") = "Sfb.UI.Shell.Module", "Sfb.UI.Shell.Module\Sfb.UI.Shell.Module.csproj", "{DAD54B0F-5D2E-4D56-ACB3-E55F8C059342}"
EndProject
Global
	GlobalSection(SolutionConfigurationPlatforms) = preSolution
		Debug|Any CPU = Debug|Any CPU
		Release|Any CPU = Release|Any CPU
	EndGlobalSection
	GlobalSection(ProjectConfigurationPlatforms) = postSolution
		{E27B409B-707C-4161-9B4F-2743FA1DA42D}.Debug|Any CPU.ActiveCfg = Debug|Any CPU
		{E27B409B-707C-4161-9B4F-2743FA1DA42D}.Debug|Any CPU.Build.0 = Debug|Any CPU
		{E27B409B-707C-4161-9B4F-2743FA1DA42D}.Release|Any CPU.ActiveCfg = Release|Any CPU
		{E27B409B-707C-4161-9B4F-2743FA1DA42D}.Release|Any CPU.Build.0 = Release|Any CPU
		{AD726BBD-C032-4B51-92FB-1284B7463D9D}.Debug|Any CPU.ActiveCfg = Debug|Any CPU
		{AD726BBD-C032-4B51-92FB-1284B7463D9D}.Debug|Any CPU.Build.0 = Debug|Any CPU
		{AD726BBD-C032-4B51-92FB-1284B7463D9D}.Release|Any CPU.ActiveCfg = Release|Any CPU
		{AD726BBD-C032-4B51-92FB-1284B7463D9D}.Release|Any CPU.Build.0 = Release|Any CPU
		{293E1694-C4BB-4556-BFB0-5BAE3873DA9F}.Debug|Any CPU.ActiveCfg = Debug|Any CPU
		{293E1694-C4BB-4556-BFB0-5BAE3873DA9F}.Debug|Any CPU.Build.0 = Debug|Any CPU
		{293E1694-C4BB-4556-BFB0-5BAE3873DA9F}.Release|Any CPU.ActiveCfg = Release|Any CPU
		{293E1694-C4BB-4556-BFB0-5BAE3873DA9F}.Release|Any CPU.Build.0 = Release|Any CPU
		{49F71403-E08A-43FE-BE0A-EA295882A057}.Debug|Any CPU.ActiveCfg = Debug|Any CPU
		{49F71403-E08A-43FE-BE0A-EA295882A057}.Debug|Any CPU.Build.0 = Debug|Any CPU
		{49F71403-E08A-43FE-BE0A-EA295882A057}.Release|Any CPU.ActiveCfg = Release|Any CPU
		{49F71403-E08A-43FE-BE0A-EA295882A057}.Release|Any CPU.Build.0 = Release|Any CPU
		{CD564273-EC8F-45FA-B635-0A5979C210FC}.Debug|Any CPU.ActiveCfg = Debug|Any CPU
		{CD564273-EC8F-45FA-B635-0A5979C210FC}.Debug|Any CPU.Build.0 = Debug|Any CPU
		{CD564273-EC8F-45FA-B635-0A5979C210FC}.Release|Any CPU.ActiveCfg = Release|Any CPU
		{CD564273-EC8F-45FA-B635-0A5979C210FC}.Release|Any CPU.Build.0 = Release|Any CPU
		{E92BEFFD-294E-4ED2-9341-63B2C24A844D}.Debug|Any CPU.ActiveCfg = Debug|Any CPU
		{E92BEFFD-294E-4ED2-9341-63B2C24A844D}.Debug|Any CPU.Build.0 = Debug|Any CPU
		{E92BEFFD-294E-4ED2-9341-63B2C24A844D}.Release|Any CPU.ActiveCfg = Release|Any CPU
		{E92BEFFD-294E-4ED2-9341-63B2C24A844D}.Release|Any CPU.Build.0 = Release|Any CPU
		{B2624366-E26B-4696-BD1F-634BFD224657}.Debug|Any CPU.ActiveCfg = Debug|Any CPU
		{B2624366-E26B-4696-BD1F-634BFD224657}.Debug|Any CPU.Build.0 = Debug|Any CPU
		{B2624366-E26B-4696-BD1F-634BFD224657}.Release|Any CPU.ActiveCfg = Release|Any CPU
		{B2624366-E26B-4696-BD1F-634BFD224657}.Release|Any CPU.Build.0 = Release|Any CPU
		{13822058-F2F9-4942-8D8D-E0FA703A7283}.Debug|Any CPU.ActiveCfg = Debug|Any CPU
		{13822058-F2F9-4942-8D8D-E0FA703A7283}.Debug|Any CPU.Build.0 = Debug|Any CPU
		{13822058-F2F9-4942-8D8D-E0FA703A7283}.Release|Any CPU.ActiveCfg = Release|Any CPU
		{13822058-F2F9-4942-8D8D-E0FA703A7283}.Release|Any CPU.Build.0 = Release|Any CPU
		{DAD54B0F-5D2E-4D56-ACB3-E55F8C059342}.Debug|Any CPU.ActiveCfg = Debug|Any CPU
		{DAD54B0F-5D2E-4D56-ACB3-E55F8C059342}.Debug|Any CPU.Build.0 = Debug|Any CPU
		{DAD54B0F-5D2E-4D56-ACB3-E55F8C059342}.Release|Any CPU.ActiveCfg = Release|Any CPU
		{DAD54B0F-5D2E-4D56-ACB3-E55F8C059342}.Release|Any CPU.Build.0 = Release|Any CPU
	EndGlobalSection
	GlobalSection(SolutionProperties) = preSolution
		HideSolutionNode = FALSE
	EndGlobalSection
	GlobalSection(NestedProjects) = preSolution
		{E27B409B-707C-4161-9B4F-2743FA1DA42D} = {31827D93-1043-42F4-99D1-BBE887B6A41A}
		{AD726BBD-C032-4B51-92FB-1284B7463D9D} = {0811995C-5AAF-40BD-B071-FA7C83824735}
		{293E1694-C4BB-4556-BFB0-5BAE3873DA9F} = {31827D93-1043-42F4-99D1-BBE887B6A41A}
		{49F71403-E08A-43FE-BE0A-EA295882A057} = {1CAD0DAD-E082-44B1-A553-D9A68EA05E99}
		{CD564273-EC8F-45FA-B635-0A5979C210FC} = {2779F0DB-0E26-489C-B806-36B0699A3DBA}
		{E92BEFFD-294E-4ED2-9341-63B2C24A844D} = {1CAD0DAD-E082-44B1-A553-D9A68EA05E99}
		{B2624366-E26B-4696-BD1F-634BFD224657} = {0811995C-5AAF-40BD-B071-FA7C83824735}
		{13822058-F2F9-4942-8D8D-E0FA703A7283} = {2779F0DB-0E26-489C-B806-36B0699A3DBA}
		{DAD54B0F-5D2E-4D56-ACB3-E55F8C059342} = {2779F0DB-0E26-489C-B806-36B0699A3DBA}
	EndGlobalSection
EndGlobal
