
Microsoft Visual Studio Solution File, Format Version 12.00
# Visual Studio 14
VisualStudioVersion = 14.0.25420.1
MinimumVisualStudioVersion = 10.0.40219.1
Project("{FAE04EC0-301F-11D3-BF4B-00C04F79EFBC}") = "LEAF.Plugins.InvestigatedWpfPlugin", "LEAF.Plugins.InvestigatedWpfPlugin\LEAF.Plugins.InvestigatedWpfPlugin.csproj", "{9BC0EE0B-C784-4D18-943B-FF51E26AF89B}"
EndProject
Global
	GlobalSection(SolutionConfigurationPlatforms) = preSolution
		Debug|Any CPU = Debug|Any CPU
		Release|Any CPU = Release|Any CPU
	EndGlobalSection
	GlobalSection(ProjectConfigurationPlatforms) = postSolution
		{9BC0EE0B-C784-4D18-943B-FF51E26AF89B}.Debug|Any CPU.ActiveCfg = Debug|Any CPU
		{9BC0EE0B-C784-4D18-943B-FF51E26AF89B}.Debug|Any CPU.Build.0 = Debug|Any CPU
		{9BC0EE0B-C784-4D18-943B-FF51E26AF89B}.Release|Any CPU.ActiveCfg = Release|Any CPU
		{9BC0EE0B-C784-4D18-943B-FF51E26AF89B}.Release|Any CPU.Build.0 = Release|Any CPU
	EndGlobalSection
	GlobalSection(SolutionProperties) = preSolution
		HideSolutionNode = FALSE
	EndGlobalSection
EndGlobal
