
Microsoft Visual Studio Solution File, Format Version 12.00
# Visual Studio 14
VisualStudioVersion = 14.0.24720.0
MinimumVisualStudioVersion = 10.0.40219.1
Project("{FAE04EC0-301F-11D3-BF4B-00C04F79EFBC}") = "SkypeIntlPortfolio.SyncTool", "SkypeIntlPortfolio.SyncTool\SkypeIntlPortfolio.SyncTool.csproj", "{B651DB23-DF6F-4322-B32E-4A49FC00C7F4}"
EndProject
Project("{FAE04EC0-301F-11D3-BF4B-00C04F79EFBC}") = "SkypeIntlPortfolio.Fix", "SkypeIntlPortfolio.Fix\SkypeIntlPortfolio.Fix.csproj", "{B15B002C-7BA6-4031-8B82-7BABA7F96585}"
EndProject
Global
	GlobalSection(SolutionConfigurationPlatforms) = preSolution
		Debug|Any CPU = Debug|Any CPU
		Release|Any CPU = Release|Any CPU
	EndGlobalSection
	GlobalSection(ProjectConfigurationPlatforms) = postSolution
		{B651DB23-DF6F-4322-B32E-4A49FC00C7F4}.Debug|Any CPU.ActiveCfg = Debug|Any CPU
		{B651DB23-DF6F-4322-B32E-4A49FC00C7F4}.Debug|Any CPU.Build.0 = Debug|Any CPU
		{B651DB23-DF6F-4322-B32E-4A49FC00C7F4}.Release|Any CPU.ActiveCfg = Release|Any CPU
		{B651DB23-DF6F-4322-B32E-4A49FC00C7F4}.Release|Any CPU.Build.0 = Release|Any CPU
		{B15B002C-7BA6-4031-8B82-7BABA7F96585}.Debug|Any CPU.ActiveCfg = Debug|Any CPU
		{B15B002C-7BA6-4031-8B82-7BABA7F96585}.Debug|Any CPU.Build.0 = Debug|Any CPU
		{B15B002C-7BA6-4031-8B82-7BABA7F96585}.Release|Any CPU.ActiveCfg = Release|Any CPU
		{B15B002C-7BA6-4031-8B82-7BABA7F96585}.Release|Any CPU.Build.0 = Release|Any CPU
	EndGlobalSection
	GlobalSection(SolutionProperties) = preSolution
		HideSolutionNode = FALSE
	EndGlobalSection
EndGlobal
