
Microsoft Visual Studio Solution File, Format Version 12.00
# Visual Studio 14
VisualStudioVersion = 14.0.25123.0
MinimumVisualStudioVersion = 10.0.40219.1
Project("{FAE04EC0-301F-11D3-BF4B-00C04F79EFBC}") = "SBSAutomation.Core", "SBSAutomation.Core\SBSAutomation.Core.csproj", "{0A07AD92-4BC8-40F5-B5A7-C04B0FFED152}"
EndProject
Project("{FAE04EC0-301F-11D3-BF4B-00C04F79EFBC}") = "SBSAutomation.Services", "SBSAutomation.Services\SBSAutomation.Services.csproj", "{FBA5BDEF-B605-4B3C-8AB5-A09EEDAACD28}"
EndProject
Project("{FAE04EC0-301F-11D3-BF4B-00C04F79EFBC}") = "SBSAutomation.Tests", "SBSAutomation.Tests\SBSAutomation.Tests.csproj", "{954C858D-15BD-4D07-ABEE-357E0D00111E}"
EndProject
Project("{FAE04EC0-301F-11D3-BF4B-00C04F79EFBC}") = "SBSAutomation.UI", "SBSAutomation.UI.Console\SBSAutomation.UI.csproj", "{3B015F08-CBC2-42ED-BAEC-87FBFDC59998}"
EndProject
Project("{2150E333-8FDC-42A3-9474-1A3956D46DE8}") = "1. Core", "1. Core", "{6A19CB84-583F-4856-91A4-9DCF215BEFC4}"
EndProject
Project("{2150E333-8FDC-42A3-9474-1A3956D46DE8}") = "2. UI", "2. UI", "{B122B3FA-42CD-44B1-A8ED-52DEC501A48A}"
EndProject
Project("{2150E333-8FDC-42A3-9474-1A3956D46DE8}") = "3. Tests", "3. Tests", "{15DF20DD-A913-443A-A196-F7B05CC782C8}"
EndProject
Global
	GlobalSection(SolutionConfigurationPlatforms) = preSolution
		Debug|Any CPU = Debug|Any CPU
		Debug|ARM = Debug|ARM
		Debug|x64 = Debug|x64
		Debug|x86 = Debug|x86
		Release|Any CPU = Release|Any CPU
		Release|ARM = Release|ARM
		Release|x64 = Release|x64
		Release|x86 = Release|x86
	EndGlobalSection
	GlobalSection(ProjectConfigurationPlatforms) = postSolution
		{0A07AD92-4BC8-40F5-B5A7-C04B0FFED152}.Debug|Any CPU.ActiveCfg = Debug|Any CPU
		{0A07AD92-4BC8-40F5-B5A7-C04B0FFED152}.Debug|Any CPU.Build.0 = Debug|Any CPU
		{0A07AD92-4BC8-40F5-B5A7-C04B0FFED152}.Debug|ARM.ActiveCfg = Debug|Any CPU
		{0A07AD92-4BC8-40F5-B5A7-C04B0FFED152}.Debug|ARM.Build.0 = Debug|Any CPU
		{0A07AD92-4BC8-40F5-B5A7-C04B0FFED152}.Debug|x64.ActiveCfg = Debug|Any CPU
		{0A07AD92-4BC8-40F5-B5A7-C04B0FFED152}.Debug|x64.Build.0 = Debug|Any CPU
		{0A07AD92-4BC8-40F5-B5A7-C04B0FFED152}.Debug|x86.ActiveCfg = Debug|Any CPU
		{0A07AD92-4BC8-40F5-B5A7-C04B0FFED152}.Debug|x86.Build.0 = Debug|Any CPU
		{0A07AD92-4BC8-40F5-B5A7-C04B0FFED152}.Release|Any CPU.ActiveCfg = Release|Any CPU
		{0A07AD92-4BC8-40F5-B5A7-C04B0FFED152}.Release|Any CPU.Build.0 = Release|Any CPU
		{0A07AD92-4BC8-40F5-B5A7-C04B0FFED152}.Release|ARM.ActiveCfg = Release|Any CPU
		{0A07AD92-4BC8-40F5-B5A7-C04B0FFED152}.Release|ARM.Build.0 = Release|Any CPU
		{0A07AD92-4BC8-40F5-B5A7-C04B0FFED152}.Release|x64.ActiveCfg = Release|Any CPU
		{0A07AD92-4BC8-40F5-B5A7-C04B0FFED152}.Release|x64.Build.0 = Release|Any CPU
		{0A07AD92-4BC8-40F5-B5A7-C04B0FFED152}.Release|x86.ActiveCfg = Release|Any CPU
		{0A07AD92-4BC8-40F5-B5A7-C04B0FFED152}.Release|x86.Build.0 = Release|Any CPU
		{FBA5BDEF-B605-4B3C-8AB5-A09EEDAACD28}.Debug|Any CPU.ActiveCfg = Debug|Any CPU
		{FBA5BDEF-B605-4B3C-8AB5-A09EEDAACD28}.Debug|Any CPU.Build.0 = Debug|Any CPU
		{FBA5BDEF-B605-4B3C-8AB5-A09EEDAACD28}.Debug|ARM.ActiveCfg = Debug|Any CPU
		{FBA5BDEF-B605-4B3C-8AB5-A09EEDAACD28}.Debug|ARM.Build.0 = Debug|Any CPU
		{FBA5BDEF-B605-4B3C-8AB5-A09EEDAACD28}.Debug|x64.ActiveCfg = Debug|Any CPU
		{FBA5BDEF-B605-4B3C-8AB5-A09EEDAACD28}.Debug|x64.Build.0 = Debug|Any CPU
		{FBA5BDEF-B605-4B3C-8AB5-A09EEDAACD28}.Debug|x86.ActiveCfg = Debug|Any CPU
		{FBA5BDEF-B605-4B3C-8AB5-A09EEDAACD28}.Debug|x86.Build.0 = Debug|Any CPU
		{FBA5BDEF-B605-4B3C-8AB5-A09EEDAACD28}.Release|Any CPU.ActiveCfg = Release|Any CPU
		{FBA5BDEF-B605-4B3C-8AB5-A09EEDAACD28}.Release|Any CPU.Build.0 = Release|Any CPU
		{FBA5BDEF-B605-4B3C-8AB5-A09EEDAACD28}.Release|ARM.ActiveCfg = Release|Any CPU
		{FBA5BDEF-B605-4B3C-8AB5-A09EEDAACD28}.Release|ARM.Build.0 = Release|Any CPU
		{FBA5BDEF-B605-4B3C-8AB5-A09EEDAACD28}.Release|x64.ActiveCfg = Release|Any CPU
		{FBA5BDEF-B605-4B3C-8AB5-A09EEDAACD28}.Release|x64.Build.0 = Release|Any CPU
		{FBA5BDEF-B605-4B3C-8AB5-A09EEDAACD28}.Release|x86.ActiveCfg = Release|Any CPU
		{FBA5BDEF-B605-4B3C-8AB5-A09EEDAACD28}.Release|x86.Build.0 = Release|Any CPU
		{954C858D-15BD-4D07-ABEE-357E0D00111E}.Debug|Any CPU.ActiveCfg = Debug|Any CPU
		{954C858D-15BD-4D07-ABEE-357E0D00111E}.Debug|Any CPU.Build.0 = Debug|Any CPU
		{954C858D-15BD-4D07-ABEE-357E0D00111E}.Debug|ARM.ActiveCfg = Debug|Any CPU
		{954C858D-15BD-4D07-ABEE-357E0D00111E}.Debug|ARM.Build.0 = Debug|Any CPU
		{954C858D-15BD-4D07-ABEE-357E0D00111E}.Debug|x64.ActiveCfg = Debug|Any CPU
		{954C858D-15BD-4D07-ABEE-357E0D00111E}.Debug|x64.Build.0 = Debug|Any CPU
		{954C858D-15BD-4D07-ABEE-357E0D00111E}.Debug|x86.ActiveCfg = Debug|Any CPU
		{954C858D-15BD-4D07-ABEE-357E0D00111E}.Debug|x86.Build.0 = Debug|Any CPU
		{954C858D-15BD-4D07-ABEE-357E0D00111E}.Release|Any CPU.ActiveCfg = Release|Any CPU
		{954C858D-15BD-4D07-ABEE-357E0D00111E}.Release|Any CPU.Build.0 = Release|Any CPU
		{954C858D-15BD-4D07-ABEE-357E0D00111E}.Release|ARM.ActiveCfg = Release|Any CPU
		{954C858D-15BD-4D07-ABEE-357E0D00111E}.Release|ARM.Build.0 = Release|Any CPU
		{954C858D-15BD-4D07-ABEE-357E0D00111E}.Release|x64.ActiveCfg = Release|Any CPU
		{954C858D-15BD-4D07-ABEE-357E0D00111E}.Release|x64.Build.0 = Release|Any CPU
		{954C858D-15BD-4D07-ABEE-357E0D00111E}.Release|x86.ActiveCfg = Release|Any CPU
		{954C858D-15BD-4D07-ABEE-357E0D00111E}.Release|x86.Build.0 = Release|Any CPU
		{3B015F08-CBC2-42ED-BAEC-87FBFDC59998}.Debug|Any CPU.ActiveCfg = Debug|Any CPU
		{3B015F08-CBC2-42ED-BAEC-87FBFDC59998}.Debug|Any CPU.Build.0 = Debug|Any CPU
		{3B015F08-CBC2-42ED-BAEC-87FBFDC59998}.Debug|ARM.ActiveCfg = Debug|Any CPU
		{3B015F08-CBC2-42ED-BAEC-87FBFDC59998}.Debug|ARM.Build.0 = Debug|Any CPU
		{3B015F08-CBC2-42ED-BAEC-87FBFDC59998}.Debug|x64.ActiveCfg = Debug|Any CPU
		{3B015F08-CBC2-42ED-BAEC-87FBFDC59998}.Debug|x64.Build.0 = Debug|Any CPU
		{3B015F08-CBC2-42ED-BAEC-87FBFDC59998}.Debug|x86.ActiveCfg = Debug|Any CPU
		{3B015F08-CBC2-42ED-BAEC-87FBFDC59998}.Debug|x86.Build.0 = Debug|Any CPU
		{3B015F08-CBC2-42ED-BAEC-87FBFDC59998}.Release|Any CPU.ActiveCfg = Release|Any CPU
		{3B015F08-CBC2-42ED-BAEC-87FBFDC59998}.Release|Any CPU.Build.0 = Release|Any CPU
		{3B015F08-CBC2-42ED-BAEC-87FBFDC59998}.Release|ARM.ActiveCfg = Release|Any CPU
		{3B015F08-CBC2-42ED-BAEC-87FBFDC59998}.Release|ARM.Build.0 = Release|Any CPU
		{3B015F08-CBC2-42ED-BAEC-87FBFDC59998}.Release|x64.ActiveCfg = Release|Any CPU
		{3B015F08-CBC2-42ED-BAEC-87FBFDC59998}.Release|x64.Build.0 = Release|Any CPU
		{3B015F08-CBC2-42ED-BAEC-87FBFDC59998}.Release|x86.ActiveCfg = Release|Any CPU
		{3B015F08-CBC2-42ED-BAEC-87FBFDC59998}.Release|x86.Build.0 = Release|Any CPU
	EndGlobalSection
	GlobalSection(SolutionProperties) = preSolution
		HideSolutionNode = FALSE
	EndGlobalSection
	GlobalSection(NestedProjects) = preSolution
		{0A07AD92-4BC8-40F5-B5A7-C04B0FFED152} = {6A19CB84-583F-4856-91A4-9DCF215BEFC4}
		{FBA5BDEF-B605-4B3C-8AB5-A09EEDAACD28} = {6A19CB84-583F-4856-91A4-9DCF215BEFC4}
		{954C858D-15BD-4D07-ABEE-357E0D00111E} = {15DF20DD-A913-443A-A196-F7B05CC782C8}
		{3B015F08-CBC2-42ED-BAEC-87FBFDC59998} = {B122B3FA-42CD-44B1-A8ED-52DEC501A48A}
	EndGlobalSection
EndGlobal
