
Microsoft Visual Studio Solution File, Format Version 12.00
# Visual Studio 14
VisualStudioVersion = 14.0.24720.0
MinimumVisualStudioVersion = 10.0.40219.1
Project("{FAE04EC0-301F-11D3-BF4B-00C04F79EFBC}") = "SteelheadDataParser", "SteelheadDataParser\SteelheadDataParser.csproj", "{ACE7622E-2A5A-4317-BD07-4A3133128690}"
EndProject
Project("{FAE04EC0-301F-11D3-BF4B-00C04F79EFBC}") = "SteelheadDataParser.UnitTest", "SteelheadDataParser.UnitTest\SteelheadDataParser.UnitTest.csproj", "{2E58E068-8E85-4AC7-A7DC-2908DDC5BFDA}"
EndProject
Global
	GlobalSection(SolutionConfigurationPlatforms) = preSolution
		Debug|Any CPU = Debug|Any CPU
		Release|Any CPU = Release|Any CPU
	EndGlobalSection
	GlobalSection(ProjectConfigurationPlatforms) = postSolution
		{ACE7622E-2A5A-4317-BD07-4A3133128690}.Debug|Any CPU.ActiveCfg = Debug|Any CPU
		{ACE7622E-2A5A-4317-BD07-4A3133128690}.Debug|Any CPU.Build.0 = Debug|Any CPU
		{ACE7622E-2A5A-4317-BD07-4A3133128690}.Release|Any CPU.ActiveCfg = Release|Any CPU
		{ACE7622E-2A5A-4317-BD07-4A3133128690}.Release|Any CPU.Build.0 = Release|Any CPU
		{2E58E068-8E85-4AC7-A7DC-2908DDC5BFDA}.Debug|Any CPU.ActiveCfg = Debug|Any CPU
		{2E58E068-8E85-4AC7-A7DC-2908DDC5BFDA}.Debug|Any CPU.Build.0 = Debug|Any CPU
		{2E58E068-8E85-4AC7-A7DC-2908DDC5BFDA}.Release|Any CPU.ActiveCfg = Release|Any CPU
		{2E58E068-8E85-4AC7-A7DC-2908DDC5BFDA}.Release|Any CPU.Build.0 = Release|Any CPU
	EndGlobalSection
	GlobalSection(SolutionProperties) = preSolution
		HideSolutionNode = FALSE
	EndGlobalSection
EndGlobal
